
Microsoft Visual Studio Solution File, Format Version 12.00
# Visual Studio Version 17
VisualStudioVersion = 17.0.31903.59
MinimumVisualStudioVersion = 10.0.40219.1
Project("{2150E333-8FDC-42A3-9474-1A3956D46DE8}") = "src", "src", "{BC192770-3543-47E7-B6AC-B12DB5029957}"
EndProject
Project("{FAE04EC0-301F-11D3-BF4B-00C04F79EFBC}") = "TaskCLI", "src\TaskCLI\TaskCLI.csproj", "{13D66163-9165-43AF-A5EF-7CE74F671454}"
EndProject
Project("{2150E333-8FDC-42A3-9474-1A3956D46DE8}") = "tests", "tests", "{67581682-32D3-4C1C-A90A-5851DE3C1F4D}"
EndProject
Project("{FAE04EC0-301F-11D3-BF4B-00C04F79EFBC}") = "TaskCLITests", "tests\TaskCLITests\TaskCLITests.csproj", "{87259D01-0BBF-41ED-9B30-72CE407322BE}"
EndProject
Global
	GlobalSection(SolutionConfigurationPlatforms) = preSolution
		Debug|Any CPU = Debug|Any CPU
		Release|Any CPU = Release|Any CPU
	EndGlobalSection
	GlobalSection(SolutionProperties) = preSolution
		HideSolutionNode = FALSE
	EndGlobalSection
	GlobalSection(ProjectConfigurationPlatforms) = postSolution
		{13D66163-9165-43AF-A5EF-7CE74F671454}.Debug|Any CPU.ActiveCfg = Debug|Any CPU
		{13D66163-9165-43AF-A5EF-7CE74F671454}.Debug|Any CPU.Build.0 = Debug|Any CPU
		{13D66163-9165-43AF-A5EF-7CE74F671454}.Release|Any CPU.ActiveCfg = Release|Any CPU
		{13D66163-9165-43AF-A5EF-7CE74F671454}.Release|Any CPU.Build.0 = Release|Any CPU
		{87259D01-0BBF-41ED-9B30-72CE407322BE}.Debug|Any CPU.ActiveCfg = Debug|Any CPU
		{87259D01-0BBF-41ED-9B30-72CE407322BE}.Debug|Any CPU.Build.0 = Debug|Any CPU
		{87259D01-0BBF-41ED-9B30-72CE407322BE}.Release|Any CPU.ActiveCfg = Release|Any CPU
		{87259D01-0BBF-41ED-9B30-72CE407322BE}.Release|Any CPU.Build.0 = Release|Any CPU
	EndGlobalSection
	GlobalSection(NestedProjects) = preSolution
		{13D66163-9165-43AF-A5EF-7CE74F671454} = {BC192770-3543-47E7-B6AC-B12DB5029957}
		{87259D01-0BBF-41ED-9B30-72CE407322BE} = {67581682-32D3-4C1C-A90A-5851DE3C1F4D}
	EndGlobalSection
EndGlobal
